
Microsoft Visual Studio Solution File, Format Version 12.00
# Visual Studio Version 17
VisualStudioVersion = 17.3.32811.315
MinimumVisualStudioVersion = 10.0.40219.1
Project("{FAE04EC0-301F-11D3-BF4B-00C04F79EFBC}") = "SignalRExampleProject.API", "SignalRExampleProject.API.csproj", "{D77BBEEE-5983-4E97-ADA6-30818ADFCD76}"
EndProject
Project("{FAE04EC0-301F-11D3-BF4B-00C04F79EFBC}") = "SignalRExampleProject.Web", "..\SignalRExampleProject.Web\SignalRExampleProject.Web.csproj", "{EDFE4F45-10E5-4CF1-B409-1972028C9AA0}"
EndProject
Global
	GlobalSection(SolutionConfigurationPlatforms) = preSolution
		Debug|Any CPU = Debug|Any CPU
		Release|Any CPU = Release|Any CPU
	EndGlobalSection
	GlobalSection(ProjectConfigurationPlatforms) = postSolution
		{D77BBEEE-5983-4E97-ADA6-30818ADFCD76}.Debug|Any CPU.ActiveCfg = Debug|Any CPU
		{D77BBEEE-5983-4E97-ADA6-30818ADFCD76}.Debug|Any CPU.Build.0 = Debug|Any CPU
		{D77BBEEE-5983-4E97-ADA6-30818ADFCD76}.Release|Any CPU.ActiveCfg = Release|Any CPU
		{D77BBEEE-5983-4E97-ADA6-30818ADFCD76}.Release|Any CPU.Build.0 = Release|Any CPU
		{EDFE4F45-10E5-4CF1-B409-1972028C9AA0}.Debug|Any CPU.ActiveCfg = Debug|Any CPU
		{EDFE4F45-10E5-4CF1-B409-1972028C9AA0}.Debug|Any CPU.Build.0 = Debug|Any CPU
		{EDFE4F45-10E5-4CF1-B409-1972028C9AA0}.Release|Any CPU.ActiveCfg = Release|Any CPU
		{EDFE4F45-10E5-4CF1-B409-1972028C9AA0}.Release|Any CPU.Build.0 = Release|Any CPU
	EndGlobalSection
	GlobalSection(SolutionProperties) = preSolution
		HideSolutionNode = FALSE
	EndGlobalSection
	GlobalSection(ExtensibilityGlobals) = postSolution
		SolutionGuid = {D95EACD5-4E54-4CCE-9FA7-ECB610935204}
	EndGlobalSection
EndGlobal
